
Microsoft Visual Studio Solution File, Format Version 11.00
# Visual Studio 2010
Project("{8BC9CEB8-8B4A-11D0-8D11-00A0C91BC942}") = "FileOpenTest", "FileOpenTest\FileOpenTest.vcxproj", "{A88C5F46-5176-448F-AA5F-19BA54CFF807}"
EndProject
Project("{8BC9CEB8-8B4A-11D0-8D11-00A0C91BC942}") = "FileWriteTest", "FileWriteTest\FileWriteTest.vcxproj", "{4E4CC094-62B1-47A7-857B-40CCB147C00A}"
EndProject
Project("{8BC9CEB8-8B4A-11D0-8D11-00A0C91BC942}") = "BmpToDad_20121030", "BmpToDad_20121030\BmpToDad_20121030.vcxproj", "{A254B541-CB84-426F-B639-E1BE77FC0FD4}"
EndProject
Project("{8BC9CEB8-8B4A-11D0-8D11-00A0C91BC942}") = "BmpToDad_20121101", "BmpToDad_20121101\BmpToDad_20121101.vcxproj", "{68E57D54-98EF-4B03-8BD2-62D0A8969AD0}"
EndProject
Project("{8BC9CEB8-8B4A-11D0-8D11-00A0C91BC942}") = "BmpToDat_20121112", "BmpToDat_20121112\BmpToDat_20121112.vcxproj", "{C77905A9-8186-455C-8F1C-EB19594926AD}"
EndProject
Global
	GlobalSection(SolutionConfigurationPlatforms) = preSolution
		Debug|Win32 = Debug|Win32
		Release|Win32 = Release|Win32
	EndGlobalSection
	GlobalSection(ProjectConfigurationPlatforms) = postSolution
		{A88C5F46-5176-448F-AA5F-19BA54CFF807}.Debug|Win32.ActiveCfg = Debug|Win32
		{A88C5F46-5176-448F-AA5F-19BA54CFF807}.Debug|Win32.Build.0 = Debug|Win32
		{A88C5F46-5176-448F-AA5F-19BA54CFF807}.Release|Win32.ActiveCfg = Release|Win32
		{A88C5F46-5176-448F-AA5F-19BA54CFF807}.Release|Win32.Build.0 = Release|Win32
		{4E4CC094-62B1-47A7-857B-40CCB147C00A}.Debug|Win32.ActiveCfg = Debug|Win32
		{4E4CC094-62B1-47A7-857B-40CCB147C00A}.Debug|Win32.Build.0 = Debug|Win32
		{4E4CC094-62B1-47A7-857B-40CCB147C00A}.Release|Win32.ActiveCfg = Release|Win32
		{4E4CC094-62B1-47A7-857B-40CCB147C00A}.Release|Win32.Build.0 = Release|Win32
		{A254B541-CB84-426F-B639-E1BE77FC0FD4}.Debug|Win32.ActiveCfg = Debug|Win32
		{A254B541-CB84-426F-B639-E1BE77FC0FD4}.Debug|Win32.Build.0 = Debug|Win32
		{A254B541-CB84-426F-B639-E1BE77FC0FD4}.Release|Win32.ActiveCfg = Release|Win32
		{A254B541-CB84-426F-B639-E1BE77FC0FD4}.Release|Win32.Build.0 = Release|Win32
		{68E57D54-98EF-4B03-8BD2-62D0A8969AD0}.Debug|Win32.ActiveCfg = Debug|Win32
		{68E57D54-98EF-4B03-8BD2-62D0A8969AD0}.Debug|Win32.Build.0 = Debug|Win32
		{68E57D54-98EF-4B03-8BD2-62D0A8969AD0}.Release|Win32.ActiveCfg = Release|Win32
		{68E57D54-98EF-4B03-8BD2-62D0A8969AD0}.Release|Win32.Build.0 = Release|Win32
		{C77905A9-8186-455C-8F1C-EB19594926AD}.Debug|Win32.ActiveCfg = Debug|Win32
		{C77905A9-8186-455C-8F1C-EB19594926AD}.Debug|Win32.Build.0 = Debug|Win32
		{C77905A9-8186-455C-8F1C-EB19594926AD}.Release|Win32.ActiveCfg = Release|Win32
		{C77905A9-8186-455C-8F1C-EB19594926AD}.Release|Win32.Build.0 = Release|Win32
	EndGlobalSection
	GlobalSection(SolutionProperties) = preSolution
		HideSolutionNode = FALSE
	EndGlobalSection
EndGlobal
