<?xml version="1.0" encoding="utf-8"?>
<Project ToolsVersion="4.0" xmlns="http://schemas.microsoft.com/developer/msbuild/2003">
  <ItemGroup>
    <ClCompile Include="main.cpp" />
    <ClCompile Include="FileManager.cpp" />
    <ClCompile Include="MonoData.cpp" />
    <ClCompile Include="NumData.cpp" />
    <ClCompile Include="DataBase.cpp" />
  </ItemGroup>
  <ItemGroup>
    <ClInclude Include="FileManager.h" />
    <ClInclude Include="MonoData.h" />
    <ClInclude Include="NumData.h" />
    <ClInclude Include="DataBase.h" />
  </ItemGroup>
</Project>