<?xml version="1.0" encoding="utf-8"?>
<Project ToolsVersion="4.0" xmlns="http://schemas.microsoft.com/developer/msbuild/2003">
  <ItemGroup>
    <ClCompile Include="main.cpp" />
    <ClCompile Include="AnimeData.cpp">
      <Filter>Image</Filter>
    </ClCompile>
    <ClCompile Include="Book2.cpp">
      <Filter>Sequence\Book2</Filter>
    </ClCompile>
    <ClCompile Include="Book3.cpp">
      <Filter>Sequence\Book3</Filter>
    </ClCompile>
    <ClCompile Include="Book4.cpp">
      <Filter>Sequence\Book4</Filter>
    </ClCompile>
    <ClCompile Include="Book7.cpp">
      <Filter>Sequence\Book7</Filter>
    </ClCompile>
    <ClCompile Include="BitmapBase.cpp">
      <Filter>Image</Filter>
    </ClCompile>
    <ClCompile Include="DCBitmap.cpp">
      <Filter>Image</Filter>
    </ClCompile>
    <ClCompile Include="Debug1.cpp">
      <Filter>Sequence\Debug1</Filter>
    </ClCompile>
    <ClCompile Include="Debug2.cpp">
      <Filter>Sequence\Debug2</Filter>
    </ClCompile>
    <ClCompile Include="DebugLoading.cpp">
      <Filter>Sequence\DebugLoading</Filter>
    </ClCompile>
    <ClCompile Include="EffectBase.cpp">
      <Filter>Sound</Filter>
    </ClCompile>
    <ClCompile Include="HandManager.cpp">
      <Filter>Main</Filter>
    </ClCompile>
    <ClCompile Include="ImageFactory.cpp">
      <Filter>Main</Filter>
    </ClCompile>
    <ClCompile Include="LayerData.cpp">
      <Filter>Image</Filter>
    </ClCompile>
    <ClCompile Include="MainParent.cpp">
      <Filter>Sequence</Filter>
    </ClCompile>
    <ClCompile Include="PixelBitmap.cpp">
      <Filter>Image</Filter>
    </ClCompile>
    <ClCompile Include="Room1.cpp">
      <Filter>Sequence\Room\Room1</Filter>
    </ClCompile>
    <ClCompile Include="Room2.cpp">
      <Filter>Sequence\Room\Room2</Filter>
    </ClCompile>
    <ClCompile Include="Room3.cpp">
      <Filter>Sequence\Room\Room3</Filter>
    </ClCompile>
    <ClCompile Include="Room4.cpp">
      <Filter>Sequence\Room\Room4</Filter>
    </ClCompile>
    <ClCompile Include="RoomParent.cpp">
      <Filter>Sequence\Room</Filter>
    </ClCompile>
    <ClCompile Include="SceneManager.cpp">
      <Filter>Main</Filter>
    </ClCompile>
    <ClCompile Include="AutoPan.cpp">
      <Filter>Sound\Effect4</Filter>
    </ClCompile>
    <ClCompile Include="BandEliminateFilter.cpp">
      <Filter>Sound\Effect3</Filter>
    </ClCompile>
    <ClCompile Include="BandPassFilter.cpp">
      <Filter>Sound\Effect3</Filter>
    </ClCompile>
    <ClCompile Include="Compressor.cpp">
      <Filter>Sound\Effect1</Filter>
    </ClCompile>
    <ClCompile Include="Chorus.cpp">
      <Filter>Sound\Effect2</Filter>
    </ClCompile>
    <ClCompile Include="Delay.cpp">
      <Filter>Sound\Effect2</Filter>
    </ClCompile>
    <ClCompile Include="Vibrato.cpp">
      <Filter>Sound\Effect2</Filter>
    </ClCompile>
    <ClCompile Include="Equalizer.cpp">
      <Filter>Sound\Effect4</Filter>
    </ClCompile>
    <ClCompile Include="HighPassFilter.cpp">
      <Filter>Sound\Effect3</Filter>
    </ClCompile>
    <ClCompile Include="LowPassFilter.cpp">
      <Filter>Sound\Effect3</Filter>
    </ClCompile>
    <ClCompile Include="NoiseGate.cpp">
      <Filter>Sound\Effect1</Filter>
    </ClCompile>
    <ClCompile Include="SoundManager.cpp">
      <Filter>Main</Filter>
    </ClCompile>
    <ClCompile Include="Synthesizer.cpp">
      <Filter>Sequence\Room\Room1\Synthesizer</Filter>
    </ClCompile>
    <ClCompile Include="ToneFactory.cpp">
      <Filter>Main</Filter>
    </ClCompile>
    <ClCompile Include="Track.cpp">
      <Filter>Sound</Filter>
    </ClCompile>
    <ClCompile Include="Tremolo.cpp">
      <Filter>Sound\Effect1</Filter>
    </ClCompile>
    <ClCompile Include="Wave.cpp">
      <Filter>Sound</Filter>
    </ClCompile>
    <ClCompile Include="Book5.cpp">
      <Filter>Sequence\Book5</Filter>
    </ClCompile>
    <ClCompile Include="Book6.cpp">
      <Filter>Sequence\Book6</Filter>
    </ClCompile>
    <ClCompile Include="Distortion1.cpp">
      <Filter>Sound\Effect1</Filter>
    </ClCompile>
    <ClCompile Include="Distortion2.cpp">
      <Filter>Sound\Effect1</Filter>
    </ClCompile>
    <ClCompile Include="Distortion3.cpp">
      <Filter>Sound\Effect1</Filter>
    </ClCompile>
  </ItemGroup>
  <ItemGroup>
    <ClInclude Include="AnimeData.h">
      <Filter>Image</Filter>
    </ClInclude>
    <ClInclude Include="Book2.h">
      <Filter>Sequence\Book2</Filter>
    </ClInclude>
    <ClInclude Include="Book3.h">
      <Filter>Sequence\Book3</Filter>
    </ClInclude>
    <ClInclude Include="Book3Objs.h">
      <Filter>Sequence\Book3</Filter>
    </ClInclude>
    <ClInclude Include="Book4Ball.h">
      <Filter>Sequence\Book4</Filter>
    </ClInclude>
    <ClInclude Include="Book4.h">
      <Filter>Sequence\Book4</Filter>
    </ClInclude>
    <ClInclude Include="Book7.h">
      <Filter>Sequence\Book7</Filter>
    </ClInclude>
    <ClInclude Include="BitmapBase.h">
      <Filter>Image</Filter>
    </ClInclude>
    <ClInclude Include="Book7Man.h">
      <Filter>Sequence\Book7</Filter>
    </ClInclude>
    <ClInclude Include="DCBitmap.h">
      <Filter>Image</Filter>
    </ClInclude>
    <ClInclude Include="Debug1.h">
      <Filter>Sequence\Debug1</Filter>
    </ClInclude>
    <ClInclude Include="Debug2.h">
      <Filter>Sequence\Debug2</Filter>
    </ClInclude>
    <ClInclude Include="DebugLoading.h">
      <Filter>Sequence\DebugLoading</Filter>
    </ClInclude>
    <ClInclude Include="EffectBase.h">
      <Filter>Sound</Filter>
    </ClInclude>
    <ClInclude Include="HandManager.h">
      <Filter>Main</Filter>
    </ClInclude>
    <ClInclude Include="ImageFactory.h">
      <Filter>Main</Filter>
    </ClInclude>
    <ClInclude Include="LayerData.h">
      <Filter>Image</Filter>
    </ClInclude>
    <ClInclude Include="MainChild.h">
      <Filter>Sequence</Filter>
    </ClInclude>
    <ClInclude Include="MainParent.h">
      <Filter>Sequence</Filter>
    </ClInclude>
    <ClInclude Include="PixelBitmap.h">
      <Filter>Image</Filter>
    </ClInclude>
    <ClInclude Include="Room1.h">
      <Filter>Sequence\Room\Room1</Filter>
    </ClInclude>
    <ClInclude Include="Room2.h">
      <Filter>Sequence\Room\Room2</Filter>
    </ClInclude>
    <ClInclude Include="Room3.h">
      <Filter>Sequence\Room\Room3</Filter>
    </ClInclude>
    <ClInclude Include="Room4.h">
      <Filter>Sequence\Room\Room4</Filter>
    </ClInclude>
    <ClInclude Include="RoomChild.h">
      <Filter>Sequence\Room</Filter>
    </ClInclude>
    <ClInclude Include="RoomParent.h">
      <Filter>Sequence\Room</Filter>
    </ClInclude>
    <ClInclude Include="SceneManager.h">
      <Filter>Main</Filter>
    </ClInclude>
    <ClInclude Include="SoundBase.h">
      <Filter>Sound</Filter>
    </ClInclude>
    <ClInclude Include="AutoPan.h">
      <Filter>Sound\Effect4</Filter>
    </ClInclude>
    <ClInclude Include="BandPassFilter.h">
      <Filter>Sound\Effect3</Filter>
    </ClInclude>
    <ClInclude Include="BandEliminateFilter.h">
      <Filter>Sound\Effect3</Filter>
    </ClInclude>
    <ClInclude Include="Compressor.h">
      <Filter>Sound\Effect1</Filter>
    </ClInclude>
    <ClInclude Include="Delay.h">
      <Filter>Sound\Effect2</Filter>
    </ClInclude>
    <ClInclude Include="Chorus.h">
      <Filter>Sound\Effect2</Filter>
    </ClInclude>
    <ClInclude Include="Vibrato.h">
      <Filter>Sound\Effect2</Filter>
    </ClInclude>
    <ClInclude Include="Equalizer.h">
      <Filter>Sound\Effect4</Filter>
    </ClInclude>
    <ClInclude Include="LowPassFilter.h">
      <Filter>Sound\Effect3</Filter>
    </ClInclude>
    <ClInclude Include="HighPassFilter.h">
      <Filter>Sound\Effect3</Filter>
    </ClInclude>
    <ClInclude Include="NoiseGate.h">
      <Filter>Sound\Effect1</Filter>
    </ClInclude>
    <ClInclude Include="SoundManager.h">
      <Filter>Main</Filter>
    </ClInclude>
    <ClInclude Include="SynthePad.h">
      <Filter>Sequence\Room\Room1\Synthesizer</Filter>
    </ClInclude>
    <ClInclude Include="SyntheUpdate.h">
      <Filter>Sequence\Room\Room1\Synthesizer</Filter>
    </ClInclude>
    <ClInclude Include="SynthePartsInit.h">
      <Filter>Sequence\Room\Room1\Synthesizer</Filter>
    </ClInclude>
    <ClInclude Include="Synthesizer.h">
      <Filter>Sequence\Room\Room1\Synthesizer</Filter>
    </ClInclude>
    <ClInclude Include="ToneFactory.h">
      <Filter>Main</Filter>
    </ClInclude>
    <ClInclude Include="Track.h">
      <Filter>Sound</Filter>
    </ClInclude>
    <ClInclude Include="Tremolo.h">
      <Filter>Sound\Effect1</Filter>
    </ClInclude>
    <ClInclude Include="Wave.h">
      <Filter>Sound</Filter>
    </ClInclude>
    <ClInclude Include="Book5.h">
      <Filter>Sequence\Book5</Filter>
    </ClInclude>
    <ClInclude Include="Book6.h">
      <Filter>Sequence\Book6</Filter>
    </ClInclude>
    <ClInclude Include="Distortion1.h">
      <Filter>Sound\Effect1</Filter>
    </ClInclude>
    <ClInclude Include="Distortion2.h">
      <Filter>Sound\Effect1</Filter>
    </ClInclude>
    <ClInclude Include="Distortion3.h">
      <Filter>Sound\Effect1</Filter>
    </ClInclude>
  </ItemGroup>
  <ItemGroup>
    <Filter Include="Main">
      <UniqueIdentifier>{7a8f7476-06e2-4b59-bf50-1d77f38b43b2}</UniqueIdentifier>
    </Filter>
    <Filter Include="Sound">
      <UniqueIdentifier>{503a1e79-e2a3-4b64-9122-12bc7b80f030}</UniqueIdentifier>
    </Filter>
    <Filter Include="Image">
      <UniqueIdentifier>{9b15dcae-cb06-40fb-a017-6cdd125139b9}</UniqueIdentifier>
    </Filter>
    <Filter Include="Sound\Effect1">
      <UniqueIdentifier>{3c2422ae-5650-47ca-987e-860f9ced556f}</UniqueIdentifier>
    </Filter>
    <Filter Include="Sound\Effect2">
      <UniqueIdentifier>{59c195fd-dd2f-47e8-805d-e65db5d18602}</UniqueIdentifier>
    </Filter>
    <Filter Include="Sound\Effect3">
      <UniqueIdentifier>{1716cdcf-39cb-477d-84b8-3d8cbc328d0c}</UniqueIdentifier>
    </Filter>
    <Filter Include="Sound\Effect4">
      <UniqueIdentifier>{42e4d9a1-e617-4f19-bd68-36f9f759d036}</UniqueIdentifier>
    </Filter>
    <Filter Include="Sequence">
      <UniqueIdentifier>{85b11913-1bba-45f8-9120-8d28d9f2055c}</UniqueIdentifier>
    </Filter>
    <Filter Include="Sequence\Debug1">
      <UniqueIdentifier>{eac754e5-77d8-40ed-a6b8-a89055d89e33}</UniqueIdentifier>
    </Filter>
    <Filter Include="Sequence\Debug2">
      <UniqueIdentifier>{30cb8e1d-fd90-47c9-985a-5de99891c026}</UniqueIdentifier>
    </Filter>
    <Filter Include="Sequence\Book2">
      <UniqueIdentifier>{2eabdecc-eec2-47bc-b5a9-fb1c6b20d1c0}</UniqueIdentifier>
    </Filter>
    <Filter Include="Sequence\Book3">
      <UniqueIdentifier>{6cf86156-9b8c-4ff9-a01b-6a445dfdf45d}</UniqueIdentifier>
    </Filter>
    <Filter Include="Sequence\Book4">
      <UniqueIdentifier>{f779a4b5-473e-40a7-9deb-98f97a712b21}</UniqueIdentifier>
    </Filter>
    <Filter Include="Sequence\Book7">
      <UniqueIdentifier>{631e75c5-611b-42bc-8262-01f771227627}</UniqueIdentifier>
    </Filter>
    <Filter Include="Sequence\DebugLoading">
      <UniqueIdentifier>{659015fd-6866-4fff-9dbe-8d7e8a194024}</UniqueIdentifier>
    </Filter>
    <Filter Include="Sequence\Room">
      <UniqueIdentifier>{93578c11-db47-4ff8-acd3-85b9fb52746b}</UniqueIdentifier>
    </Filter>
    <Filter Include="Sequence\Room\Room1">
      <UniqueIdentifier>{1e3237e1-0959-4dda-8d98-c13b7fc21846}</UniqueIdentifier>
    </Filter>
    <Filter Include="Sequence\Room\Room2">
      <UniqueIdentifier>{b56e492a-8de8-4907-a3cb-02e0971a1918}</UniqueIdentifier>
    </Filter>
    <Filter Include="Sequence\Room\Room3">
      <UniqueIdentifier>{3f96b2c1-e810-43e2-a315-2c1a1e2def5b}</UniqueIdentifier>
    </Filter>
    <Filter Include="Sequence\Room\Room4">
      <UniqueIdentifier>{1eccd4af-d7aa-4ae3-804c-57adb84bae65}</UniqueIdentifier>
    </Filter>
    <Filter Include="Sequence\Room\Room1\Synthesizer">
      <UniqueIdentifier>{75813706-6da1-4a38-8835-2881a1e4666f}</UniqueIdentifier>
    </Filter>
    <Filter Include="Sequence\Book5">
      <UniqueIdentifier>{0a3fb223-7ade-4687-8fc9-3735c61f9e87}</UniqueIdentifier>
    </Filter>
    <Filter Include="Sequence\Book6">
      <UniqueIdentifier>{1673b796-c025-4985-8d39-08fc54e9dc60}</UniqueIdentifier>
    </Filter>
  </ItemGroup>
</Project>