<?xml version="1.0" encoding="utf-8"?>
<Project ToolsVersion="4.0" xmlns="http://schemas.microsoft.com/developer/msbuild/2003">
  <ItemGroup>
    <ClCompile Include="main.cpp" />
    <ClCompile Include="AnimeData.cpp">
      <Filter>Image</Filter>
    </ClCompile>
    <ClCompile Include="AutoPan.cpp">
      <Filter>Sound\Effect4</Filter>
    </ClCompile>
    <ClCompile Include="BandEliminateFilter.cpp">
      <Filter>Sound\Effect3</Filter>
    </ClCompile>
    <ClCompile Include="BandPassFilter.cpp">
      <Filter>Sound\Effect3</Filter>
    </ClCompile>
    <ClCompile Include="BitmapBase.cpp">
      <Filter>Image</Filter>
    </ClCompile>
    <ClCompile Include="Book2.cpp">
      <Filter>Sequence\Book2</Filter>
    </ClCompile>
    <ClCompile Include="Chorus.cpp">
      <Filter>Sound\Effect2</Filter>
    </ClCompile>
    <ClCompile Include="Compressor.cpp">
      <Filter>Sound\Effect1</Filter>
    </ClCompile>
    <ClCompile Include="Debug1.cpp">
      <Filter>Sequence\Debug1</Filter>
    </ClCompile>
    <ClCompile Include="Debug2.cpp">
      <Filter>Sequence\Debug2</Filter>
    </ClCompile>
    <ClCompile Include="DebugLoading.cpp">
      <Filter>Sequence\DebugLoading</Filter>
    </ClCompile>
    <ClCompile Include="Delay.cpp">
      <Filter>Sound\Effect2</Filter>
    </ClCompile>
    <ClCompile Include="Distortion1.cpp">
      <Filter>Sound\Effect1</Filter>
    </ClCompile>
    <ClCompile Include="Distortion2.cpp">
      <Filter>Sound\Effect1</Filter>
    </ClCompile>
    <ClCompile Include="Distortion3.cpp">
      <Filter>Sound\Effect1</Filter>
    </ClCompile>
    <ClCompile Include="EffectBase.cpp">
      <Filter>Sound</Filter>
    </ClCompile>
    <ClCompile Include="Equalizer.cpp">
      <Filter>Sound\Effect4</Filter>
    </ClCompile>
    <ClCompile Include="HighPassFilter.cpp">
      <Filter>Sound\Effect3</Filter>
    </ClCompile>
    <ClCompile Include="ImageFactory.cpp">
      <Filter>Main</Filter>
    </ClCompile>
    <ClCompile Include="DCBitmap.cpp">
      <Filter>Image</Filter>
    </ClCompile>
    <ClCompile Include="LayerData.cpp">
      <Filter>Image</Filter>
    </ClCompile>
    <ClCompile Include="LowPassFilter.cpp">
      <Filter>Sound\Effect3</Filter>
    </ClCompile>
    <ClCompile Include="MainParent.cpp">
      <Filter>Sequence</Filter>
    </ClCompile>
    <ClCompile Include="NoiseGate.cpp">
      <Filter>Sound\Effect1</Filter>
    </ClCompile>
    <ClCompile Include="PixelBitmap.cpp">
      <Filter>Image</Filter>
    </ClCompile>
    <ClCompile Include="SceneManager.cpp">
      <Filter>Main</Filter>
    </ClCompile>
    <ClCompile Include="SoundManager.cpp">
      <Filter>Main</Filter>
    </ClCompile>
    <ClCompile Include="ToneFactory.cpp">
      <Filter>Main</Filter>
    </ClCompile>
    <ClCompile Include="Track.cpp">
      <Filter>Sound</Filter>
    </ClCompile>
    <ClCompile Include="Tremolo.cpp">
      <Filter>Sound\Effect1</Filter>
    </ClCompile>
    <ClCompile Include="Vibrato.cpp">
      <Filter>Sound\Effect2</Filter>
    </ClCompile>
    <ClCompile Include="Wave.cpp">
      <Filter>Sound</Filter>
    </ClCompile>
    <ClCompile Include="RoomParent.cpp">
      <Filter>Sequence\Room</Filter>
    </ClCompile>
    <ClCompile Include="Synthesizer.cpp">
      <Filter>Sequence\Room\Synthesizer</Filter>
    </ClCompile>
  </ItemGroup>
  <ItemGroup>
    <ClInclude Include="AnimeData.h">
      <Filter>Image</Filter>
    </ClInclude>
    <ClInclude Include="AutoPan.h">
      <Filter>Sound\Effect4</Filter>
    </ClInclude>
    <ClInclude Include="BandEliminateFilter.h">
      <Filter>Sound\Effect3</Filter>
    </ClInclude>
    <ClInclude Include="BandPassFilter.h">
      <Filter>Sound\Effect3</Filter>
    </ClInclude>
    <ClInclude Include="BitmapBase.h">
      <Filter>Image</Filter>
    </ClInclude>
    <ClInclude Include="Book2.h">
      <Filter>Sequence\Book2</Filter>
    </ClInclude>
    <ClInclude Include="Chorus.h">
      <Filter>Sound\Effect2</Filter>
    </ClInclude>
    <ClInclude Include="Compressor.h">
      <Filter>Sound\Effect1</Filter>
    </ClInclude>
    <ClInclude Include="Debug1.h">
      <Filter>Sequence\Debug1</Filter>
    </ClInclude>
    <ClInclude Include="Debug2.h">
      <Filter>Sequence\Debug2</Filter>
    </ClInclude>
    <ClInclude Include="DebugLoading.h">
      <Filter>Sequence\DebugLoading</Filter>
    </ClInclude>
    <ClInclude Include="Delay.h">
      <Filter>Sound\Effect2</Filter>
    </ClInclude>
    <ClInclude Include="Distortion3.h">
      <Filter>Sound\Effect1</Filter>
    </ClInclude>
    <ClInclude Include="Distortion1.h">
      <Filter>Sound\Effect1</Filter>
    </ClInclude>
    <ClInclude Include="Distortion2.h">
      <Filter>Sound\Effect1</Filter>
    </ClInclude>
    <ClInclude Include="EffectBase.h">
      <Filter>Sound</Filter>
    </ClInclude>
    <ClInclude Include="Equalizer.h">
      <Filter>Sound\Effect4</Filter>
    </ClInclude>
    <ClInclude Include="HighPassFilter.h">
      <Filter>Sound\Effect3</Filter>
    </ClInclude>
    <ClInclude Include="ImageFactory.h">
      <Filter>Main</Filter>
    </ClInclude>
    <ClInclude Include="DCBitmap.h">
      <Filter>Image</Filter>
    </ClInclude>
    <ClInclude Include="LayerData.h">
      <Filter>Image</Filter>
    </ClInclude>
    <ClInclude Include="LowPassFilter.h">
      <Filter>Sound\Effect3</Filter>
    </ClInclude>
    <ClInclude Include="MainChild.h">
      <Filter>Sequence</Filter>
    </ClInclude>
    <ClInclude Include="MainParent.h">
      <Filter>Sequence</Filter>
    </ClInclude>
    <ClInclude Include="NoiseGate.h">
      <Filter>Sound\Effect1</Filter>
    </ClInclude>
    <ClInclude Include="PixelBitmap.h">
      <Filter>Image</Filter>
    </ClInclude>
    <ClInclude Include="SceneManager.h">
      <Filter>Main</Filter>
    </ClInclude>
    <ClInclude Include="SoundManager.h">
      <Filter>Main</Filter>
    </ClInclude>
    <ClInclude Include="SoundBase.h">
      <Filter>Sound</Filter>
    </ClInclude>
    <ClInclude Include="ToneFactory.h">
      <Filter>Main</Filter>
    </ClInclude>
    <ClInclude Include="Track.h">
      <Filter>Sound</Filter>
    </ClInclude>
    <ClInclude Include="Tremolo.h">
      <Filter>Sound\Effect1</Filter>
    </ClInclude>
    <ClInclude Include="Vibrato.h">
      <Filter>Sound\Effect2</Filter>
    </ClInclude>
    <ClInclude Include="Wave.h">
      <Filter>Sound</Filter>
    </ClInclude>
    <ClInclude Include="RoomParent.h">
      <Filter>Sequence\Room</Filter>
    </ClInclude>
    <ClInclude Include="RoomChild.h">
      <Filter>Sequence\Room</Filter>
    </ClInclude>
    <ClInclude Include="Synthesizer.h">
      <Filter>Sequence\Room\Synthesizer</Filter>
    </ClInclude>
    <ClInclude Include="SynthePartsInit.h">
      <Filter>Sequence\Room\Synthesizer</Filter>
    </ClInclude>
    <ClInclude Include="SyntheUpdate.h">
      <Filter>Sequence\Room\Synthesizer</Filter>
    </ClInclude>
  </ItemGroup>
  <ItemGroup>
    <Filter Include="Main">
      <UniqueIdentifier>{a650621e-65fc-4736-8585-d41ecad13c65}</UniqueIdentifier>
    </Filter>
    <Filter Include="Sequence">
      <UniqueIdentifier>{d93ba2db-a11f-4b9c-8951-2ddfe03ce55f}</UniqueIdentifier>
    </Filter>
    <Filter Include="Sound">
      <UniqueIdentifier>{d95eef38-0fe6-4d6a-8cca-682609e14a82}</UniqueIdentifier>
    </Filter>
    <Filter Include="Image">
      <UniqueIdentifier>{bec8cf93-8fb8-45c2-a7f3-0c0cd2999825}</UniqueIdentifier>
    </Filter>
    <Filter Include="Sequence\Debug1">
      <UniqueIdentifier>{ab1f5adc-46a2-47b0-a381-7bb39ad02be2}</UniqueIdentifier>
    </Filter>
    <Filter Include="Sequence\Debug2">
      <UniqueIdentifier>{81dc84c9-ad79-4064-ab8b-d799db9a5294}</UniqueIdentifier>
    </Filter>
    <Filter Include="Sequence\Book2">
      <UniqueIdentifier>{de4b6627-e1cd-480c-bb79-d35d77cbb6c2}</UniqueIdentifier>
    </Filter>
    <Filter Include="Sound\Effect1">
      <UniqueIdentifier>{2bdc0438-656c-4ff9-8ba6-fc84ac9f6204}</UniqueIdentifier>
    </Filter>
    <Filter Include="Sound\Effect3">
      <UniqueIdentifier>{8f5985ef-a7c5-4761-8995-bd64cea71b69}</UniqueIdentifier>
    </Filter>
    <Filter Include="Sound\Effect4">
      <UniqueIdentifier>{3abc142a-9105-4790-b040-12c4b3461901}</UniqueIdentifier>
    </Filter>
    <Filter Include="Sequence\DebugLoading">
      <UniqueIdentifier>{c082e449-83ce-4c79-835a-4da7d16c88da}</UniqueIdentifier>
    </Filter>
    <Filter Include="Sequence\Room">
      <UniqueIdentifier>{c6f0dd38-3e9c-41b8-8504-77b5bc771b35}</UniqueIdentifier>
    </Filter>
    <Filter Include="Sequence\Room\Synthesizer">
      <UniqueIdentifier>{d67f76fd-cae5-44f5-8632-02348eba3aac}</UniqueIdentifier>
    </Filter>
    <Filter Include="Sound\Effect2">
      <UniqueIdentifier>{852c677b-bfeb-40d0-82a2-409739097296}</UniqueIdentifier>
    </Filter>
  </ItemGroup>
</Project>