<?xml version="1.0" encoding="utf-8"?>
<Project ToolsVersion="4.0" xmlns="http://schemas.microsoft.com/developer/msbuild/2003">
  <ItemGroup>
    <ClCompile Include="main.cpp" />
    <ClCompile Include="Chorus.cpp">
      <Filter>Sound\Effect</Filter>
    </ClCompile>
    <ClCompile Include="CmpBitmap.cpp">
      <Filter>Image</Filter>
    </ClCompile>
    <ClCompile Include="Compressor.cpp">
      <Filter>Sound\Effect</Filter>
    </ClCompile>
    <ClCompile Include="DCBitmap.cpp">
      <Filter>Image</Filter>
    </ClCompile>
    <ClCompile Include="Debug1.cpp">
      <Filter>Sequence\Debug1</Filter>
    </ClCompile>
    <ClCompile Include="Delay.cpp">
      <Filter>Sound\Effect</Filter>
    </ClCompile>
    <ClCompile Include="Distortion1.cpp">
      <Filter>Sound\Effect</Filter>
    </ClCompile>
    <ClCompile Include="Distortion3.cpp">
      <Filter>Sound\Effect</Filter>
    </ClCompile>
    <ClCompile Include="Distortion2.cpp">
      <Filter>Sound\Effect</Filter>
    </ClCompile>
    <ClCompile Include="ImageFactory.cpp">
      <Filter>Main</Filter>
    </ClCompile>
    <ClCompile Include="ImageManager.cpp">
      <Filter>Main</Filter>
    </ClCompile>
    <ClCompile Include="MainParent.cpp">
      <Filter>Sequence</Filter>
    </ClCompile>
    <ClCompile Include="PixelBitmap.cpp">
      <Filter>Image</Filter>
    </ClCompile>
    <ClCompile Include="SceneManager.cpp">
      <Filter>Main</Filter>
    </ClCompile>
    <ClCompile Include="SoundManager.cpp">
      <Filter>Main</Filter>
    </ClCompile>
    <ClCompile Include="Title.cpp">
      <Filter>Sequence\Title</Filter>
    </ClCompile>
    <ClCompile Include="Track.cpp">
      <Filter>Sound</Filter>
    </ClCompile>
    <ClCompile Include="Tremolo.cpp">
      <Filter>Sound\Effect</Filter>
    </ClCompile>
    <ClCompile Include="Wave.cpp">
      <Filter>Sound</Filter>
    </ClCompile>
    <ClCompile Include="BitmapBase.cpp">
      <Filter>Image</Filter>
    </ClCompile>
  </ItemGroup>
  <ItemGroup>
    <ClInclude Include="Chorus.h">
      <Filter>Sound\Effect</Filter>
    </ClInclude>
    <ClInclude Include="CmpBitmap.h">
      <Filter>Image</Filter>
    </ClInclude>
    <ClInclude Include="Compressor.h">
      <Filter>Sound\Effect</Filter>
    </ClInclude>
    <ClInclude Include="DCBitmap.h">
      <Filter>Image</Filter>
    </ClInclude>
    <ClInclude Include="Debug1.h">
      <Filter>Sequence\Debug1</Filter>
    </ClInclude>
    <ClInclude Include="Delay.h">
      <Filter>Sound\Effect</Filter>
    </ClInclude>
    <ClInclude Include="Distortion1.h">
      <Filter>Sound\Effect</Filter>
    </ClInclude>
    <ClInclude Include="Distortion2.h">
      <Filter>Sound\Effect</Filter>
    </ClInclude>
    <ClInclude Include="Distortion3.h">
      <Filter>Sound\Effect</Filter>
    </ClInclude>
    <ClInclude Include="EffectBase.h">
      <Filter>Sound</Filter>
    </ClInclude>
    <ClInclude Include="ImageManager.h">
      <Filter>Main</Filter>
    </ClInclude>
    <ClInclude Include="ImageFactory.h">
      <Filter>Main</Filter>
    </ClInclude>
    <ClInclude Include="MainChild.h">
      <Filter>Sequence</Filter>
    </ClInclude>
    <ClInclude Include="MainParent.h">
      <Filter>Sequence</Filter>
    </ClInclude>
    <ClInclude Include="PixelBitmap.h">
      <Filter>Image</Filter>
    </ClInclude>
    <ClInclude Include="SceneManager.h">
      <Filter>Main</Filter>
    </ClInclude>
    <ClInclude Include="SoundManager.h">
      <Filter>Main</Filter>
    </ClInclude>
    <ClInclude Include="Title.h">
      <Filter>Sequence\Title</Filter>
    </ClInclude>
    <ClInclude Include="SoundBase.h">
      <Filter>Sound</Filter>
    </ClInclude>
    <ClInclude Include="Track.h">
      <Filter>Sound</Filter>
    </ClInclude>
    <ClInclude Include="Tremolo.h">
      <Filter>Sound\Effect</Filter>
    </ClInclude>
    <ClInclude Include="Wave.h">
      <Filter>Sound</Filter>
    </ClInclude>
    <ClInclude Include="BitmapBase.h">
      <Filter>Image</Filter>
    </ClInclude>
  </ItemGroup>
  <ItemGroup>
    <Filter Include="Image">
      <UniqueIdentifier>{55d31f69-df66-46f3-a847-b962232ab26d}</UniqueIdentifier>
    </Filter>
    <Filter Include="Main">
      <UniqueIdentifier>{2acbc041-1347-4d6b-84be-293d86d7ba94}</UniqueIdentifier>
    </Filter>
    <Filter Include="Sound">
      <UniqueIdentifier>{e77c8e20-da9c-4aa5-bf77-1e4d5d087978}</UniqueIdentifier>
    </Filter>
    <Filter Include="Sequence">
      <UniqueIdentifier>{baace24c-8ae2-4869-9605-0199e3f2c29e}</UniqueIdentifier>
    </Filter>
    <Filter Include="Sequence\Title">
      <UniqueIdentifier>{8b78022a-f295-4be1-ada8-4edd912e7ec0}</UniqueIdentifier>
    </Filter>
    <Filter Include="Sequence\Debug1">
      <UniqueIdentifier>{2a6e1698-b0dd-420e-ba00-5d0a136cf26b}</UniqueIdentifier>
    </Filter>
    <Filter Include="Sound\Effect">
      <UniqueIdentifier>{5c16de78-9f54-4637-b3a6-ee688b6115e5}</UniqueIdentifier>
    </Filter>
  </ItemGroup>
</Project>